// !$*UTF8*$!
{
	archiveVersion = 1;
	classes = {
	};
	objectVersion = 48;
	objects = {

/* Begin PBXBuildFile section */
		A939E7AF1F81DCB200CF8900 /* AppDelegate.swift in Sources */ = {isa = PBXBuildFile; fileRef = A939E7AE1F81DCB200CF8900 /* AppDelegate.swift */; };
		A939E7B11F81DCB200CF8900 /* SignInViewController.swift in Sources */ = {isa = PBXBuildFile; fileRef = A939E7B01F81DCB200CF8900 /* SignInViewController.swift */; };
		A939E7B41F81DCB200CF8900 /* Main.storyboard in Resources */ = {isa = PBXBuildFile; fileRef = A939E7B21F81DCB200CF8900 /* Main.storyboard */; };
		A939E7B61F81DCB200CF8900 /* Assets.xcassets in Resources */ = {isa = PBXBuildFile; fileRef = A939E7B51F81DCB200CF8900 /* Assets.xcassets */; };
		A939E7B91F81DCB200CF8900 /* LaunchScreen.storyboard in Resources */ = {isa = PBXBuildFile; fileRef = A939E7B71F81DCB200CF8900 /* LaunchScreen.storyboard */; };
		A9B9D10B1F84B22A006894A2 /* ViewSnapVC.swift in Sources */ = {isa = PBXBuildFile; fileRef = A9B9D10A1F84B22A006894A2 /* ViewSnapVC.swift */; };
		A9F8B3021F81F3F20049FC82 /* GoogleService-Info.plist in Resources */ = {isa = PBXBuildFile; fileRef = A9F8B3011F81F2D30049FC82 /* GoogleService-Info.plist */; };
		A9F8B3041F81F9F50049FC82 /* SnapsVC.swift in Sources */ = {isa = PBXBuildFile; fileRef = A9F8B3031F81F9F50049FC82 /* SnapsVC.swift */; };
		A9F8B3061F81FCFA0049FC82 /* CreateVC.swift in Sources */ = {isa = PBXBuildFile; fileRef = A9F8B3051F81FCFA0049FC82 /* CreateVC.swift */; };
		A9F8B3081F8457FD0049FC82 /* SelectUserVC.swift in Sources */ = {isa = PBXBuildFile; fileRef = A9F8B3071F8457FD0049FC82 /* SelectUserVC.swift */; };
		A9F8B30A1F845C4B0049FC82 /* User.swift in Sources */ = {isa = PBXBuildFile; fileRef = A9F8B3091F845C4B0049FC82 /* User.swift */; };
		A9F8B30E1F8465440049FC82 /* Snap.swift in Sources */ = {isa = PBXBuildFile; fileRef = A9F8B30D1F8465440049FC82 /* Snap.swift */; };
		B470F0F83EA13BF907E76D5D /* Pods_Snap2Chat.framework in Frameworks */ = {isa = PBXBuildFile; fileRef = DA67B8B9D5E50567D691F878 /* Pods_Snap2Chat.framework */; };
/* End PBXBuildFile section */

/* Begin PBXFileReference section */
		6CFF3B7DCF8531245058875C /* Pods-Snap2Chat.release.xcconfig */ = {isa = PBXFileReference; includeInIndex = 1; lastKnownFileType = text.xcconfig; name = "Pods-Snap2Chat.release.xcconfig"; path = "Pods/Target Support Files/Pods-Snap2Chat/Pods-Snap2Chat.release.xcconfig"; sourceTree = "<group>"; };
		A939E7AB1F81DCB200CF8900 /* Snap2Chat.app */ = {isa = PBXFileReference; explicitFileType = wrapper.application; includeInIndex = 0; path = Snap2Chat.app; sourceTree = BUILT_PRODUCTS_DIR; };
		A939E7AE1F81DCB200CF8900 /* AppDelegate.swift */ = {isa = PBXFileReference; lastKnownFileType = sourcecode.swift; path = AppDelegate.swift; sourceTree = "<group>"; };
		A939E7B01F81DCB200CF8900 /* SignInViewController.swift */ = {isa = PBXFileReference; lastKnownFileType = sourcecode.swift; path = SignInViewController.swift; sourceTree = "<group>"; };
		A939E7B31F81DCB200CF8900 /* Base */ = {isa = PBXFileReference; lastKnownFileType = file.storyboard; name = Base; path = Base.lproj/Main.storyboard; sourceTree = "<group>"; };
		A939E7B51F81DCB200CF8900 /* Assets.xcassets */ = {isa = PBXFileReference; lastKnownFileType = folder.assetcatalog; path = Assets.xcassets; sourceTree = "<group>"; };
		A939E7B81F81DCB200CF8900 /* Base */ = {isa = PBXFileReference; lastKnownFileType = file.storyboard; name = Base; path = Base.lproj/LaunchScreen.storyboard; sourceTree = "<group>"; };
		A939E7BA1F81DCB200CF8900 /* Info.plist */ = {isa = PBXFileReference; lastKnownFileType = text.plist.xml; path = Info.plist; sourceTree = "<group>"; };
		A9B9D10A1F84B22A006894A2 /* ViewSnapVC.swift */ = {isa = PBXFileReference; lastKnownFileType = sourcecode.swift; path = ViewSnapVC.swift; sourceTree = "<group>"; };
		A9F8B3011F81F2D30049FC82 /* GoogleService-Info.plist */ = {isa = PBXFileReference; lastKnownFileType = text.plist.xml; path = "GoogleService-Info.plist"; sourceTree = "<group>"; };
		A9F8B3031F81F9F50049FC82 /* SnapsVC.swift */ = {isa = PBXFileReference; lastKnownFileType = sourcecode.swift; path = SnapsVC.swift; sourceTree = "<group>"; };
		A9F8B3051F81FCFA0049FC82 /* CreateVC.swift */ = {isa = PBXFileReference; lastKnownFileType = sourcecode.swift; path = CreateVC.swift; sourceTree = "<group>"; };
		A9F8B3071F8457FD0049FC82 /* SelectUserVC.swift */ = {isa = PBXFileReference; lastKnownFileType = sourcecode.swift; path = SelectUserVC.swift; sourceTree = "<group>"; };
		A9F8B3091F845C4B0049FC82 /* User.swift */ = {isa = PBXFileReference; lastKnownFileType = sourcecode.swift; path = User.swift; sourceTree = "<group>"; };
		A9F8B30D1F8465440049FC82 /* Snap.swift */ = {isa = PBXFileReference; lastKnownFileType = sourcecode.swift; path = Snap.swift; sourceTree = "<group>"; };
		CCD56D0F9A747116B7358505 /* Pods-Snap2Chat.debug.xcconfig */ = {isa = PBXFileReference; includeInIndex = 1; lastKnownFileType = text.xcconfig; name = "Pods-Snap2Chat.debug.xcconfig"; path = "Pods/Target Support Files/Pods-Snap2Chat/Pods-Snap2Chat.debug.xcconfig"; sourceTree = "<group>"; };
		DA67B8B9D5E50567D691F878 /* Pods_Snap2Chat.framework */ = {isa = PBXFileReference; explicitFileType = wrapper.framework; includeInIndex = 0; path = Pods_Snap2Chat.framework; sourceTree = BUILT_PRODUCTS_DIR; };
/* End PBXFileReference section */

/* Begin PBXFrameworksBuildPhase section */
		A939E7A81F81DCB200CF8900 /* Frameworks */ = {
			isa = PBXFrameworksBuildPhase;
			buildActionMask = 2147483647;
			files = (
				B470F0F83EA13BF907E76D5D /* Pods_Snap2Chat.framework in Frameworks */,
			);
			runOnlyForDeploymentPostprocessing = 0;
		};
/* End PBXFrameworksBuildPhase section */

/* Begin PBXGroup section */
		024788061CDCBB92785DBC0C /* Frameworks */ = {
			isa = PBXGroup;
			children = (
				DA67B8B9D5E50567D691F878 /* Pods_Snap2Chat.framework */,
			);
			name = Frameworks;
			sourceTree = "<group>";
		};
		A939E7A21F81DCB200CF8900 = {
			isa = PBXGroup;
			children = (
				A939E7AD1F81DCB200CF8900 /* Snap2Chat */,
				A939E7AC1F81DCB200CF8900 /* Products */,
				D067CBAA0ABEDBF324110375 /* Pods */,
				024788061CDCBB92785DBC0C /* Frameworks */,
			);
			sourceTree = "<group>";
		};
		A939E7AC1F81DCB200CF8900 /* Products */ = {
			isa = PBXGroup;
			children = (
				A939E7AB1F81DCB200CF8900 /* Snap2Chat.app */,
			);
			name = Products;
			sourceTree = "<group>";
		};
		A939E7AD1F81DCB200CF8900 /* Snap2Chat */ = {
			isa = PBXGroup;
			children = (
				A939E7AE1F81DCB200CF8900 /* AppDelegate.swift */,
				A9F8B30C1F845C9F0049FC82 /* View Controllers */,
				A9F8B30B1F845C8D0049FC82 /* Model */,
				A939E7B21F81DCB200CF8900 /* Main.storyboard */,
				A939E7B51F81DCB200CF8900 /* Assets.xcassets */,
				A939E7B71F81DCB200CF8900 /* LaunchScreen.storyboard */,
				A939E7BA1F81DCB200CF8900 /* Info.plist */,
				A9F8B3011F81F2D30049FC82 /* GoogleService-Info.plist */,
			);
			path = Snap2Chat;
			sourceTree = "<group>";
		};
		A9F8B30B1F845C8D0049FC82 /* Model */ = {
			isa = PBXGroup;
			children = (
				A9F8B3091F845C4B0049FC82 /* User.swift */,
				A9F8B30D1F8465440049FC82 /* Snap.swift */,
			);
			path = Model;
			sourceTree = "<group>";
		};
		A9F8B30C1F845C9F0049FC82 /* View Controllers */ = {
			isa = PBXGroup;
			children = (
				A9F8B3051F81FCFA0049FC82 /* CreateVC.swift */,
				A9F8B3071F8457FD0049FC82 /* SelectUserVC.swift */,
				A939E7B01F81DCB200CF8900 /* SignInViewController.swift */,
				A9F8B3031F81F9F50049FC82 /* SnapsVC.swift */,
				A9B9D10A1F84B22A006894A2 /* ViewSnapVC.swift */,
			);
			path = "View Controllers";
			sourceTree = "<group>";
		};
		D067CBAA0ABEDBF324110375 /* Pods */ = {
			isa = PBXGroup;
			children = (
				CCD56D0F9A747116B7358505 /* Pods-Snap2Chat.debug.xcconfig */,
				6CFF3B7DCF8531245058875C /* Pods-Snap2Chat.release.xcconfig */,
			);
			name = Pods;
			sourceTree = "<group>";
		};
/* End PBXGroup section */

/* Begin PBXNativeTarget section */
		A939E7AA1F81DCB200CF8900 /* Snap2Chat */ = {
			isa = PBXNativeTarget;
			buildConfigurationList = A939E7BD1F81DCB200CF8900 /* Build configuration list for PBXNativeTarget "Snap2Chat" */;
			buildPhases = (
				FDB66998098F5C400DD8C534 /* [CP] Check Pods Manifest.lock */,
				A939E7A71F81DCB200CF8900 /* Sources */,
				A939E7A81F81DCB200CF8900 /* Frameworks */,
				A939E7A91F81DCB200CF8900 /* Resources */,
				AE335CA78BBBFFD85A0177F4 /* [CP] Embed Pods Frameworks */,
				46D97127B3E84BAAEC420209 /* [CP] Copy Pods Resources */,
			);
			buildRules = (
			);
			dependencies = (
			);
			name = Snap2Chat;
			productName = Snap2Chat;
			productReference = A939E7AB1F81DCB200CF8900 /* Snap2Chat.app */;
			productType = "com.apple.product-type.application";
		};
/* End PBXNativeTarget section */

/* Begin PBXProject section */
		A939E7A31F81DCB200CF8900 /* Project object */ = {
			isa = PBXProject;
			attributes = {
				LastSwiftUpdateCheck = 0900;
				LastUpgradeCheck = 0900;
				ORGANIZATIONNAME = BAM;
				TargetAttributes = {
					A939E7AA1F81DCB200CF8900 = {
						CreatedOnToolsVersion = 9.0;
						ProvisioningStyle = Automatic;
					};
				};
			};
			buildConfigurationList = A939E7A61F81DCB200CF8900 /* Build configuration list for PBXProject "Snap2Chat" */;
			compatibilityVersion = "Xcode 8.0";
			developmentRegion = en;
			hasScannedForEncodings = 0;
			knownRegions = (
				en,
				Base,
			);
			mainGroup = A939E7A21F81DCB200CF8900;
			productRefGroup = A939E7AC1F81DCB200CF8900 /* Products */;
			projectDirPath = "";
			projectRoot = "";
			targets = (
				A939E7AA1F81DCB200CF8900 /* Snap2Chat */,
			);
		};
/* End PBXProject section */

/* Begin PBXResourcesBuildPhase section */
		A939E7A91F81DCB200CF8900 /* Resources */ = {
			isa = PBXResourcesBuildPhase;
			buildActionMask = 2147483647;
			files = (
				A939E7B91F81DCB200CF8900 /* LaunchScreen.storyboard in Resources */,
				A9F8B3021F81F3F20049FC82 /* GoogleService-Info.plist in Resources */,
				A939E7B61F81DCB200CF8900 /* Assets.xcassets in Resources */,
				A939E7B41F81DCB200CF8900 /* Main.storyboard in Resources */,
			);
			runOnlyForDeploymentPostprocessing = 0;
		};
/* End PBXResourcesBuildPhase section */

/* Begin PBXShellScriptBuildPhase section */
		46D97127B3E84BAAEC420209 /* [CP] Copy Pods Resources */ = {
			isa = PBXShellScriptBuildPhase;
			buildActionMask = 2147483647;
			files = (
			);
			inputPaths = (
			);
			name = "[CP] Copy Pods Resources";
			outputPaths = (
			);
			runOnlyForDeploymentPostprocessing = 0;
			shellPath = /bin/sh;
			shellScript = "\"${SRCROOT}/Pods/Target Support Files/Pods-Snap2Chat/Pods-Snap2Chat-resources.sh\"\n";
			showEnvVarsInLog = 0;
		};
		AE335CA78BBBFFD85A0177F4 /* [CP] Embed Pods Frameworks */ = {
			isa = PBXShellScriptBuildPhase;
			buildActionMask = 2147483647;
			files = (
			);
			inputPaths = (
			);
			name = "[CP] Embed Pods Frameworks";
			outputPaths = (
			);
			runOnlyForDeploymentPostprocessing = 0;
			shellPath = /bin/sh;
			shellScript = "\"${SRCROOT}/Pods/Target Support Files/Pods-Snap2Chat/Pods-Snap2Chat-frameworks.sh\"\n";
			showEnvVarsInLog = 0;
		};
		FDB66998098F5C400DD8C534 /* [CP] Check Pods Manifest.lock */ = {
			isa = PBXShellScriptBuildPhase;
			buildActionMask = 2147483647;
			files = (
			);
			inputPaths = (
			);
			name = "[CP] Check Pods Manifest.lock";
			outputPaths = (
			);
			runOnlyForDeploymentPostprocessing = 0;
			shellPath = /bin/sh;
			shellScript = "diff \"${PODS_ROOT}/../Podfile.lock\" \"${PODS_ROOT}/Manifest.lock\" > /dev/null\nif [ $? != 0 ] ; then\n    # print error to STDERR\n    echo \"error: The sandbox is not in sync with the Podfile.lock. Run 'pod install' or update your CocoaPods installation.\" >&2\n    exit 1\nfi\n";
			showEnvVarsInLog = 0;
		};
/* End PBXShellScriptBuildPhase section */

/* Begin PBXSourcesBuildPhase section */
		A939E7A71F81DCB200CF8900 /* Sources */ = {
			isa = PBXSourcesBuildPhase;
			buildActionMask = 2147483647;
			files = (
				A939E7B11F81DCB200CF8900 /* SignInViewController.swift in Sources */,
				A9B9D10B1F84B22A006894A2 /* ViewSnapVC.swift in Sources */,
				A939E7AF1F81DCB200CF8900 /* AppDelegate.swift in Sources */,
				A9F8B30A1F845C4B0049FC82 /* User.swift in Sources */,
				A9F8B3061F81FCFA0049FC82 /* CreateVC.swift in Sources */,
				A9F8B30E1F8465440049FC82 /* Snap.swift in Sources */,
				A9F8B3081F8457FD0049FC82 /* SelectUserVC.swift in Sources */,
				A9F8B3041F81F9F50049FC82 /* SnapsVC.swift in Sources */,
			);
			runOnlyForDeploymentPostprocessing = 0;
		};
/* End PBXSourcesBuildPhase section */

/* Begin PBXVariantGroup section */
		A939E7B21F81DCB200CF8900 /* Main.storyboard */ = {
			isa = PBXVariantGroup;
			children = (
				A939E7B31F81DCB200CF8900 /* Base */,
			);
			name = Main.storyboard;
			sourceTree = "<group>";
		};
		A939E7B71F81DCB200CF8900 /* LaunchScreen.storyboard */ = {
			isa = PBXVariantGroup;
			children = (
				A939E7B81F81DCB200CF8900 /* Base */,
			);
			name = LaunchScreen.storyboard;
			sourceTree = "<group>";
		};
/* End PBXVariantGroup section */

/* Begin XCBuildConfiguration section */
		A939E7BB1F81DCB200CF8900 /* Debug */ = {
			isa = XCBuildConfiguration;
			buildSettings = {
				ALWAYS_SEARCH_USER_PATHS = NO;
				CLANG_ANALYZER_NONNULL = YES;
				CLANG_ANALYZER_NUMBER_OBJECT_CONVERSION = YES_AGGRESSIVE;
				CLANG_CXX_LANGUAGE_STANDARD = "gnu++14";
				CLANG_CXX_LIBRARY = "libc++";
				CLANG_ENABLE_MODULES = YES;
				CLANG_ENABLE_OBJC_ARC = YES;
				CLANG_WARN_BLOCK_CAPTURE_AUTORELEASING = YES;
				CLANG_WARN_BOOL_CONVERSION = YES;
				CLANG_WARN_COMMA = YES;
				CLANG_WARN_CONSTANT_CONVERSION = YES;
				CLANG_WARN_DIRECT_OBJC_ISA_USAGE = YES_ERROR;
				CLANG_WARN_DOCUMENTATION_COMMENTS = YES;
				CLANG_WARN_EMPTY_BODY = YES;
				CLANG_WARN_ENUM_CONVERSION = YES;
				CLANG_WARN_INFINITE_RECURSION = YES;
				CLANG_WARN_INT_CONVERSION = YES;
				CLANG_WARN_NON_LITERAL_NULL_CONVERSION = YES;
				CLANG_WARN_OBJC_LITERAL_CONVERSION = YES;
				CLANG_WARN_OBJC_ROOT_CLASS = YES_ERROR;
				CLANG_WARN_RANGE_LOOP_ANALYSIS = YES;
				CLANG_WARN_STRICT_PROTOTYPES = YES;
				CLANG_WARN_SUSPICIOUS_MOVE = YES;
				CLANG_WARN_UNGUARDED_AVAILABILITY = YES_AGGRESSIVE;
				CLANG_WARN_UNREACHABLE_CODE = YES;
				CLANG_WARN__DUPLICATE_METHOD_MATCH = YES;
				CODE_SIGN_IDENTITY = "iPhone Developer";
				COPY_PHASE_STRIP = NO;
				DEBUG_INFORMATION_FORMAT = dwarf;
				ENABLE_STRICT_OBJC_MSGSEND = YES;
				ENABLE_TESTABILITY = YES;
				GCC_C_LANGUAGE_STANDARD = gnu11;
				GCC_DYNAMIC_NO_PIC = NO;
				GCC_NO_COMMON_BLOCKS = YES;
				GCC_OPTIMIZATION_LEVEL = 0;
				GCC_PREPROCESSOR_DEFINITIONS = (
					"DEBUG=1",
					"$(inherited)",
				);
				GCC_WARN_64_TO_32_BIT_CONVERSION = YES;
				GCC_WARN_ABOUT_RETURN_TYPE = YES_ERROR;
				GCC_WARN_UNDECLARED_SELECTOR = YES;
				GCC_WARN_UNINITIALIZED_AUTOS = YES_AGGRESSIVE;
				GCC_WARN_UNUSED_FUNCTION = YES;
				GCC_WARN_UNUSED_VARIABLE = YES;
				IPHONEOS_DEPLOYMENT_TARGET = 11.0;
				MTL_ENABLE_DEBUG_INFO = YES;
				ONLY_ACTIVE_ARCH = YES;
				SDKROOT = iphoneos;
				SWIFT_ACTIVE_COMPILATION_CONDITIONS = DEBUG;
				SWIFT_OPTIMIZATION_LEVEL = "-Onone";
			};
			name = Debug;
		};
		A939E7BC1F81DCB200CF8900 /* Release */ = {
			isa = XCBuildConfiguration;
			buildSettings = {
				ALWAYS_SEARCH_USER_PATHS = NO;
				CLANG_ANALYZER_NONNULL = YES;
				CLANG_ANALYZER_NUMBER_OBJECT_CONVERSION = YES_AGGRESSIVE;
				CLANG_CXX_LANGUAGE_STANDARD = "gnu++14";
				CLANG_CXX_LIBRARY = "libc++";
				CLANG_ENABLE_MODULES = YES;
				CLANG_ENABLE_OBJC_ARC = YES;
				CLANG_WARN_BLOCK_CAPTURE_AUTORELEASING = YES;
				CLANG_WARN_BOOL_CONVERSION = YES;
				CLANG_WARN_COMMA = YES;
				CLANG_WARN_CONSTANT_CONVERSION = YES;
				CLANG_WARN_DIRECT_OBJC_ISA_USAGE = YES_ERROR;
				CLANG_WARN_DOCUMENTATION_COMMENTS = YES;
				CLANG_WARN_EMPTY_BODY = YES;
				CLANG_WARN_ENUM_CONVERSION = YES;
				CLANG_WARN_INFINITE_RECURSION = YES;
				CLANG_WARN_INT_CONVERSION = YES;
				CLANG_WARN_NON_LITERAL_NULL_CONVERSION = YES;
				CLANG_WARN_OBJC_LITERAL_CONVERSION = YES;
				CLANG_WARN_OBJC_ROOT_CLASS = YES_ERROR;
				CLANG_WARN_RANGE_LOOP_ANALYSIS = YES;
				CLANG_WARN_STRICT_PROTOTYPES = YES;
				CLANG_WARN_SUSPICIOUS_MOVE = YES;
				CLANG_WARN_UNGUARDED_AVAILABILITY = YES_AGGRESSIVE;
				CLANG_WARN_UNREACHABLE_CODE = YES;
				CLANG_WARN__DUPLICATE_METHOD_MATCH = YES;
				CODE_SIGN_IDENTITY = "iPhone Developer";
				COPY_PHASE_STRIP = NO;
				DEBUG_INFORMATION_FORMAT = "dwarf-with-dsym";
				ENABLE_NS_ASSERTIONS = NO;
				ENABLE_STRICT_OBJC_MSGSEND = YES;
				GCC_C_LANGUAGE_STANDARD = gnu11;
				GCC_NO_COMMON_BLOCKS = YES;
				GCC_WARN_64_TO_32_BIT_CONVERSION = YES;
				GCC_WARN_ABOUT_RETURN_TYPE = YES_ERROR;
				GCC_WARN_UNDECLARED_SELECTOR = YES;
				GCC_WARN_UNINITIALIZED_AUTOS = YES_AGGRESSIVE;
				GCC_WARN_UNUSED_FUNCTION = YES;
				GCC_WARN_UNUSED_VARIABLE = YES;
				IPHONEOS_DEPLOYMENT_TARGET = 11.0;
				MTL_ENABLE_DEBUG_INFO = NO;
				SDKROOT = iphoneos;
				SWIFT_OPTIMIZATION_LEVEL = "-Owholemodule";
				VALIDATE_PRODUCT = YES;
			};
			name = Release;
		};
		A939E7BE1F81DCB200CF8900 /* Debug */ = {
			isa = XCBuildConfiguration;
			baseConfigurationReference = CCD56D0F9A747116B7358505 /* Pods-Snap2Chat.debug.xcconfig */;
			buildSettings = {
				ASSETCATALOG_COMPILER_APPICON_NAME = AppIcon;
				CODE_SIGN_STYLE = Automatic;
				INFOPLIST_FILE = Snap2Chat/Info.plist;
				LD_RUNPATH_SEARCH_PATHS = "$(inherited) @executable_path/Frameworks";
				PRODUCT_BUNDLE_IDENTIFIER = com.bam.Snap2Chat;
				PRODUCT_NAME = "$(TARGET_NAME)";
				SWIFT_VERSION = 4.0;
				TARGETED_DEVICE_FAMILY = "1,2";
			};
			name = Debug;
		};
		A939E7BF1F81DCB200CF8900 /* Release */ = {
			isa = XCBuildConfiguration;
			baseConfigurationReference = 6CFF3B7DCF8531245058875C /* Pods-Snap2Chat.release.xcconfig */;
			buildSettings = {
				ASSETCATALOG_COMPILER_APPICON_NAME = AppIcon;
				CODE_SIGN_STYLE = Automatic;
				INFOPLIST_FILE = Snap2Chat/Info.plist;
				LD_RUNPATH_SEARCH_PATHS = "$(inherited) @executable_path/Frameworks";
				PRODUCT_BUNDLE_IDENTIFIER = com.bam.Snap2Chat;
				PRODUCT_NAME = "$(TARGET_NAME)";
				SWIFT_VERSION = 4.0;
				TARGETED_DEVICE_FAMILY = "1,2";
			};
			name = Release;
		};
/* End XCBuildConfiguration section */

/* Begin XCConfigurationList section */
		A939E7A61F81DCB200CF8900 /* Build configuration list for PBXProject "Snap2Chat" */ = {
			isa = XCConfigurationList;
			buildConfigurations = (
				A939E7BB1F81DCB200CF8900 /* Debug */,
				A939E7BC1F81DCB200CF8900 /* Release */,
			);
			defaultConfigurationIsVisible = 0;
			defaultConfigurationName = Release;
		};
		A939E7BD1F81DCB200CF8900 /* Build configuration list for PBXNativeTarget "Snap2Chat" */ = {
			isa = XCConfigurationList;
			buildConfigurations = (
				A939E7BE1F81DCB200CF8900 /* Debug */,
				A939E7BF1F81DCB200CF8900 /* Release */,
			);
			defaultConfigurationIsVisible = 0;
			defaultConfigurationName = Release;
		};
/* End XCConfigurationList section */
	};
	rootObject = A939E7A31F81DCB200CF8900 /* Project object */;
}
